
Microsoft Visual Studio Solution File, Format Version 12.00
# Visual Studio 15
VisualStudioVersion = 15.0.27428.2011
MinimumVisualStudioVersion = 10.0.40219.1
Project("{FAE04EC0-301F-11D3-BF4B-00C04F79EFBC}") = "Server", "Server\Server.csproj", "{7E52105D-9D1A-4246-A440-3F6097B7BA13}"
EndProject
Project("{FAE04EC0-301F-11D3-BF4B-00C04F79EFBC}") = "Common", "Common\Common.csproj", "{ED98B6EE-00FA-4028-B906-92C8EADFF94C}"
EndProject
Global
	GlobalSection(SolutionConfigurationPlatforms) = preSolution
		Debug|Any CPU = Debug|Any CPU
		Release|Any CPU = Release|Any CPU
	EndGlobalSection
	GlobalSection(ProjectConfigurationPlatforms) = postSolution
		{7E52105D-9D1A-4246-A440-3F6097B7BA13}.Debug|Any CPU.ActiveCfg = Debug|Any CPU
		{7E52105D-9D1A-4246-A440-3F6097B7BA13}.Debug|Any CPU.Build.0 = Debug|Any CPU
		{7E52105D-9D1A-4246-A440-3F6097B7BA13}.Release|Any CPU.ActiveCfg = Release|Any CPU
		{7E52105D-9D1A-4246-A440-3F6097B7BA13}.Release|Any CPU.Build.0 = Release|Any CPU
		{ED98B6EE-00FA-4028-B906-92C8EADFF94C}.Debug|Any CPU.ActiveCfg = Debug|Any CPU
		{ED98B6EE-00FA-4028-B906-92C8EADFF94C}.Debug|Any CPU.Build.0 = Debug|Any CPU
		{ED98B6EE-00FA-4028-B906-92C8EADFF94C}.Release|Any CPU.ActiveCfg = Release|Any CPU
		{ED98B6EE-00FA-4028-B906-92C8EADFF94C}.Release|Any CPU.Build.0 = Release|Any CPU
	EndGlobalSection
	GlobalSection(SolutionProperties) = preSolution
		HideSolutionNode = FALSE
	EndGlobalSection
	GlobalSection(ExtensibilityGlobals) = postSolution
		SolutionGuid = {8671E2C6-0D74-47E3-BD58-8BA3C2AD694C}
	EndGlobalSection
EndGlobal
